
Microsoft Visual Studio Solution File, Format Version 12.00
# Visual Studio Version 16
VisualStudioVersion = 16.0.30011.22
MinimumVisualStudioVersion = 10.0.40219.1
Project("{FAE04EC0-301F-11D3-BF4B-00C04F79EFBC}") = "SnakeBotAdvanced", "SnakeBotAdvanced\SnakeBotAdvanced.csproj", "{7D9FC84F-A28A-4DE0-9BD4-8EC72A2717F8}"
EndProject
Global
	GlobalSection(SolutionConfigurationPlatforms) = preSolution
		Debug|Any CPU = Debug|Any CPU
		Release|Any CPU = Release|Any CPU
	EndGlobalSection
	GlobalSection(ProjectConfigurationPlatforms) = postSolution
		{7D9FC84F-A28A-4DE0-9BD4-8EC72A2717F8}.Debug|Any CPU.ActiveCfg = Debug|Any CPU
		{7D9FC84F-A28A-4DE0-9BD4-8EC72A2717F8}.Debug|Any CPU.Build.0 = Debug|Any CPU
		{7D9FC84F-A28A-4DE0-9BD4-8EC72A2717F8}.Release|Any CPU.ActiveCfg = Release|Any CPU
		{7D9FC84F-A28A-4DE0-9BD4-8EC72A2717F8}.Release|Any CPU.Build.0 = Release|Any CPU
	EndGlobalSection
	GlobalSection(SolutionProperties) = preSolution
		HideSolutionNode = FALSE
	EndGlobalSection
	GlobalSection(ExtensibilityGlobals) = postSolution
		SolutionGuid = {5B249974-71C6-4F18-B4EF-80169806E07A}
	EndGlobalSection
EndGlobal
